{
  "name": "demo",
  "version": "1.0.0",
  "lockfileVersion": 2,
  "requires": true,
  "packages": {
    "": {
      "version": "1.0.0",
      "license": "ISC",
      "dependencies": {
        "snabbdom": "^3.0.3"
      }
    },
    "node_modules/snabbdom": {
      "version": "3.0.3",
      "resolved": "https://registry.nlark.com/snabbdom/download/snabbdom-3.0.3.tgz",
      "integrity": "sha1-E/8i+90clxrOGvVdSDG9tJcqr9A=",
      "engines": {
        "node": ">=8.3.0"
      }
    }
  },
  "dependencies": {
    "snabbdom": {
      "version": "3.0.3",
      "resolved": "https://registry.nlark.com/snabbdom/download/snabbdom-3.0.3.tgz",
      "integrity": "sha1-E/8i+90clxrOGvVdSDG9tJcqr9A="
    }
  }
}
